144 813127758
28	100	104	1	41	30	6	107	34	127	57	91	60	52	48	112	139	88	90	98	65	17	110	59	58	16	50	105	101	108	66	5	138	74	111	106	62	35	80	14	27	72	54	78	94	51	116	12	42	46	56	129	134	96	23	21	73	68	79	53	47	38	75	39	63	25	0	141	89	135	44	81	128	125	2	29	31	102	117	33	130	123	26	13	133	103	85	86	126	45	49	121	69	11	76	142	77	114	3	120	8	24	137	113	122	40	99	61	119	32	37	140	95	55	20	64	7	22	118	97	136	9	36	19	115	70	131	143	82	67	93	10	18	109	4	87	84	83	124	132	43	15	92	71
