121 12032
94	117	4	37	24	6	90	116	68	70	97	39	46	73	65	18	22	72	23	33	17	42	43	34	55	91	13	103	50	115	14	38	52	9	111	85	89	118	107	102	54	25	49	1	78	69	53	82	11	30	57	109	21	108	3	0	27	2	19	29	41	99	92	60	12	76	62	100	35	20	88	44	51	87	71	101	5	47	95	45	84	120	75	56	112	28	74	31	61	86	63	106	66	10	40	93	59	7	98	48	77	110	81	16	104	96	119	58	105	79	15	80	83	64	32	113	8	114	26	36	67
