100 532573788
88	89	44	1	53	90	84	36	25	24	48	34	8	4	20	27	74	49	70	2	59	15	54	58	99	63	47	76	93	5	22	77	33	55	91	82	18	51	78	52	0	9	64	32	7	96	16	95	92	67	46	94	62	30	41	26	56	17	43	39	10	6	14	87	31	28	29	3	65	97	69	57	71	72	75	23	11	83	37	40	13	85	19	35	81	79	86	38	98	45	73	68	60	42	12	21	61	50	80	66
