121 664137090
36	70	74	23	34	32	40	97	120	26	20	98	117	90	8	35	64	7	42	59	66	92	31	79	116	52	1	95	49	84	106	3	87	67	105	103	71	2	43	113	99	63	28	109	94	60	58	50	21	107	33	44	86	48	110	119	39	101	5	73	89	25	9	75	61	114	88	118	83	10	17	41	108	14	47	54	15	81	29	80	16	104	12	30	82	115	18	22	45	76	55	91	11	111	13	68	4	93	72	112	56	27	69	77	85	62	78	6	37	102	19	38	53	100	96	51	46	0	24	65	57
